
Microsoft Visual Studio Solution File, Format Version 12.00
# Visual Studio Version 16
VisualStudioVersion = 16.0.31613.86
MinimumVisualStudioVersion = 10.0.40219.1
Project("{FAE04EC0-301F-11D3-BF4B-00C04F79EFBC}") = "Singleton", "Singleton\Singleton.csproj", "{DE941CE1-EC29-4D42-A0A4-7C396FCA2353}"
EndProject
Project("{FAE04EC0-301F-11D3-BF4B-00C04F79EFBC}") = "Prototype", "Prototype\Prototype.csproj", "{49F34F7C-7624-4ABB-94F2-1AA2BCBE6DCB}"
EndProject
Global
	GlobalSection(SolutionConfigurationPlatforms) = preSolution
		Debug|Any CPU = Debug|Any CPU
		Release|Any CPU = Release|Any CPU
	EndGlobalSection
	GlobalSection(ProjectConfigurationPlatforms) = postSolution
		{DE941CE1-EC29-4D42-A0A4-7C396FCA2353}.Debug|Any CPU.ActiveCfg = Debug|Any CPU
		{DE941CE1-EC29-4D42-A0A4-7C396FCA2353}.Debug|Any CPU.Build.0 = Debug|Any CPU
		{DE941CE1-EC29-4D42-A0A4-7C396FCA2353}.Release|Any CPU.ActiveCfg = Release|Any CPU
		{DE941CE1-EC29-4D42-A0A4-7C396FCA2353}.Release|Any CPU.Build.0 = Release|Any CPU
		{49F34F7C-7624-4ABB-94F2-1AA2BCBE6DCB}.Debug|Any CPU.ActiveCfg = Debug|Any CPU
		{49F34F7C-7624-4ABB-94F2-1AA2BCBE6DCB}.Debug|Any CPU.Build.0 = Debug|Any CPU
		{49F34F7C-7624-4ABB-94F2-1AA2BCBE6DCB}.Release|Any CPU.ActiveCfg = Release|Any CPU
		{49F34F7C-7624-4ABB-94F2-1AA2BCBE6DCB}.Release|Any CPU.Build.0 = Release|Any CPU
	EndGlobalSection
	GlobalSection(SolutionProperties) = preSolution
		HideSolutionNode = FALSE
	EndGlobalSection
	GlobalSection(ExtensibilityGlobals) = postSolution
		SolutionGuid = {A61BD391-B415-4812-8104-DD2BD554C9C6}
	EndGlobalSection
EndGlobal
